
Microsoft Visual Studio Solution File, Format Version 12.00
# Visual Studio Version 17
VisualStudioVersion = 17.14.36518.9 d17.14
MinimumVisualStudioVersion = 10.0.40219.1
Project("{FAE04EC0-301F-11D3-BF4B-00C04F79EFBC}") = "diplom_lib_loskutova", "diplom_lib_loskutova.csproj", "{92D7D778-771C-4B87-9B06-77CB381A0E75}"
EndProject
Global
	GlobalSection(SolutionConfigurationPlatforms) = preSolution
		Debug|Any CPU = Debug|Any CPU
		Release|Any CPU = Release|Any CPU
	EndGlobalSection
	GlobalSection(ProjectConfigurationPlatforms) = postSolution
		{92D7D778-771C-4B87-9B06-77CB381A0E75}.Debug|Any CPU.ActiveCfg = Debug|Any CPU
		{92D7D778-771C-4B87-9B06-77CB381A0E75}.Debug|Any CPU.Build.0 = Debug|Any CPU
		{92D7D778-771C-4B87-9B06-77CB381A0E75}.Release|Any CPU.ActiveCfg = Release|Any CPU
		{92D7D778-771C-4B87-9B06-77CB381A0E75}.Release|Any CPU.Build.0 = Release|Any CPU
	EndGlobalSection
	GlobalSection(SolutionProperties) = preSolution
		HideSolutionNode = FALSE
	EndGlobalSection
	GlobalSection(ExtensibilityGlobals) = postSolution
		SolutionGuid = {BED8BC64-2BEB-4E90-8FCA-1702B758129D}
	EndGlobalSection
EndGlobal
